
Microsoft Visual Studio Solution File, Format Version 12.00
# Visual Studio Version 16
VisualStudioVersion = 16.0.30503.244
MinimumVisualStudioVersion = 10.0.40219.1
Project("{9A19103F-16F7-4668-BE54-9A1E7A4F7556}") = "RazorPagesDemo", "RazorPagesDemo\RazorPagesDemo.csproj", "{1CECA72C-8649-485C-BE3B-C125861FEA19}"
EndProject
Global
	GlobalSection(SolutionConfigurationPlatforms) = preSolution
		Debug|Any CPU = Debug|Any CPU
		Release|Any CPU = Release|Any CPU
	EndGlobalSection
	GlobalSection(ProjectConfigurationPlatforms) = postSolution
		{1CECA72C-8649-485C-BE3B-C125861FEA19}.Debug|Any CPU.ActiveCfg = Debug|Any CPU
		{1CECA72C-8649-485C-BE3B-C125861FEA19}.Debug|Any CPU.Build.0 = Debug|Any CPU
		{1CECA72C-8649-485C-BE3B-C125861FEA19}.Release|Any CPU.ActiveCfg = Release|Any CPU
		{1CECA72C-8649-485C-BE3B-C125861FEA19}.Release|Any CPU.Build.0 = Release|Any CPU
	EndGlobalSection
	GlobalSection(SolutionProperties) = preSolution
		HideSolutionNode = FALSE
	EndGlobalSection
	GlobalSection(ExtensibilityGlobals) = postSolution
		SolutionGuid = {ADD033BF-2D9E-4907-A226-82D64CD69C62}
	EndGlobalSection
EndGlobal
